
Microsoft Visual Studio Solution File, Format Version 12.00
# Visual Studio Version 17
VisualStudioVersion = 17.0.31903.59
MinimumVisualStudioVersion = 10.0.40219.1
Project("{2150E333-8FDC-42A3-9474-1A3956D46DE8}") = "src", "src", "{D3861862-0907-4303-A9AD-CD78BE229C64}"
EndProject
Project("{FAE04EC0-301F-11D3-BF4B-00C04F79EFBC}") = "WFU.Core", "src\WFU.Core\WFU.Core.csproj", "{66A94882-9817-462E-9402-AD820DBB4450}"
EndProject
Project("{FAE04EC0-301F-11D3-BF4B-00C04F79EFBC}") = "WFU.PluginSDK", "src\WFU.PluginSDK\WFU.PluginSDK.csproj", "{9C4B9203-D494-4A25-ACAE-5933C9A397C8}"
EndProject
Project("{FAE04EC0-301F-11D3-BF4B-00C04F79EFBC}") = "WFU.Host", "src\WFU.Host\WFU.Host.csproj", "{370E9FB6-C39E-47C3-BE9B-FC1278820E02}"
EndProject
Project("{FAE04EC0-301F-11D3-BF4B-00C04F79EFBC}") = "WFU.Bridge", "src\WFU.Bridge\WFU.Bridge.csproj", "{82EB5C30-4EAD-44F1-978E-5E6EBDFEE5D0}"
EndProject
Project("{2150E333-8FDC-42A3-9474-1A3956D46DE8}") = "plugins", "plugins", "{0556F5A3-C1EF-4C25-AFAA-1A8158B87E6B}"
EndProject
Project("{FAE04EC0-301F-11D3-BF4B-00C04F79EFBC}") = "EnglishPack", "plugins\EnglishPack\EnglishPack.csproj", "{87ED88F9-13E1-44B3-B26F-7A84380716A0}"
EndProject
Project("{FAE04EC0-301F-11D3-BF4B-00C04F79EFBC}") = "BasicTheme", "plugins\BasicTheme\BasicTheme.csproj", "{F4E683B2-B38D-4050-BA3E-2CDCD5CEE12F}"
EndProject
Project("{FAE04EC0-301F-11D3-BF4B-00C04F79EFBC}") = "ChinesePack", "plugins\ChinesePack\ChinesePack.csproj", "{C9EEF54D-56C0-4463-8D02-963D03EFA0A1}"
EndProject
Global
	GlobalSection(SolutionConfigurationPlatforms) = preSolution
		Debug|Any CPU = Debug|Any CPU
		Release|Any CPU = Release|Any CPU
	EndGlobalSection
	GlobalSection(SolutionProperties) = preSolution
		HideSolutionNode = FALSE
	EndGlobalSection
	GlobalSection(ProjectConfigurationPlatforms) = postSolution
		{66A94882-9817-462E-9402-AD820DBB4450}.Debug|Any CPU.ActiveCfg = Debug|Any CPU
		{66A94882-9817-462E-9402-AD820DBB4450}.Debug|Any CPU.Build.0 = Debug|Any CPU
		{66A94882-9817-462E-9402-AD820DBB4450}.Release|Any CPU.ActiveCfg = Release|Any CPU
		{66A94882-9817-462E-9402-AD820DBB4450}.Release|Any CPU.Build.0 = Release|Any CPU
		{9C4B9203-D494-4A25-ACAE-5933C9A397C8}.Debug|Any CPU.ActiveCfg = Debug|Any CPU
		{9C4B9203-D494-4A25-ACAE-5933C9A397C8}.Debug|Any CPU.Build.0 = Debug|Any CPU
		{9C4B9203-D494-4A25-ACAE-5933C9A397C8}.Release|Any CPU.ActiveCfg = Release|Any CPU
		{9C4B9203-D494-4A25-ACAE-5933C9A397C8}.Release|Any CPU.Build.0 = Release|Any CPU
		{370E9FB6-C39E-47C3-BE9B-FC1278820E02}.Debug|Any CPU.ActiveCfg = Debug|Any CPU
		{370E9FB6-C39E-47C3-BE9B-FC1278820E02}.Debug|Any CPU.Build.0 = Debug|Any CPU
		{370E9FB6-C39E-47C3-BE9B-FC1278820E02}.Release|Any CPU.ActiveCfg = Release|Any CPU
		{370E9FB6-C39E-47C3-BE9B-FC1278820E02}.Release|Any CPU.Build.0 = Release|Any CPU
		{82EB5C30-4EAD-44F1-978E-5E6EBDFEE5D0}.Debug|Any CPU.ActiveCfg = Debug|Any CPU
		{82EB5C30-4EAD-44F1-978E-5E6EBDFEE5D0}.Debug|Any CPU.Build.0 = Debug|Any CPU
		{82EB5C30-4EAD-44F1-978E-5E6EBDFEE5D0}.Release|Any CPU.ActiveCfg = Release|Any CPU
		{82EB5C30-4EAD-44F1-978E-5E6EBDFEE5D0}.Release|Any CPU.Build.0 = Release|Any CPU
		{87ED88F9-13E1-44B3-B26F-7A84380716A0}.Debug|Any CPU.ActiveCfg = Debug|Any CPU
		{87ED88F9-13E1-44B3-B26F-7A84380716A0}.Debug|Any CPU.Build.0 = Debug|Any CPU
		{87ED88F9-13E1-44B3-B26F-7A84380716A0}.Release|Any CPU.ActiveCfg = Release|Any CPU
		{87ED88F9-13E1-44B3-B26F-7A84380716A0}.Release|Any CPU.Build.0 = Release|Any CPU
		{F4E683B2-B38D-4050-BA3E-2CDCD5CEE12F}.Debug|Any CPU.ActiveCfg = Debug|Any CPU
		{F4E683B2-B38D-4050-BA3E-2CDCD5CEE12F}.Debug|Any CPU.Build.0 = Debug|Any CPU
		{F4E683B2-B38D-4050-BA3E-2CDCD5CEE12F}.Release|Any CPU.ActiveCfg = Release|Any CPU
		{F4E683B2-B38D-4050-BA3E-2CDCD5CEE12F}.Release|Any CPU.Build.0 = Release|Any CPU
		{C9EEF54D-56C0-4463-8D02-963D03EFA0A1}.Debug|Any CPU.ActiveCfg = Debug|Any CPU
		{C9EEF54D-56C0-4463-8D02-963D03EFA0A1}.Debug|Any CPU.Build.0 = Debug|Any CPU
		{C9EEF54D-56C0-4463-8D02-963D03EFA0A1}.Release|Any CPU.ActiveCfg = Release|Any CPU
		{C9EEF54D-56C0-4463-8D02-963D03EFA0A1}.Release|Any CPU.Build.0 = Release|Any CPU
	EndGlobalSection
	GlobalSection(NestedProjects) = preSolution
		{66A94882-9817-462E-9402-AD820DBB4450} = {D3861862-0907-4303-A9AD-CD78BE229C64}
		{9C4B9203-D494-4A25-ACAE-5933C9A397C8} = {D3861862-0907-4303-A9AD-CD78BE229C64}
		{370E9FB6-C39E-47C3-BE9B-FC1278820E02} = {D3861862-0907-4303-A9AD-CD78BE229C64}
		{82EB5C30-4EAD-44F1-978E-5E6EBDFEE5D0} = {D3861862-0907-4303-A9AD-CD78BE229C64}
		{87ED88F9-13E1-44B3-B26F-7A84380716A0} = {0556F5A3-C1EF-4C25-AFAA-1A8158B87E6B}
		{F4E683B2-B38D-4050-BA3E-2CDCD5CEE12F} = {0556F5A3-C1EF-4C25-AFAA-1A8158B87E6B}
		{C9EEF54D-56C0-4463-8D02-963D03EFA0A1} = {0556F5A3-C1EF-4C25-AFAA-1A8158B87E6B}
	EndGlobalSection
EndGlobal
